// !$*UTF8*$!
{
	archiveVersion = 1;
	classes = {
	};
	objectVersion = 56;
	objects = {

/* Begin PBXBuildFile section */
		160F5AD92BD2EC6A00CC0253 /* ContentView.swift in Sources */ = {isa = PBXBuildFile; fileRef = 160F5AD82BD2EC6A00CC0253 /* ContentView.swift */; };
		160F5ADE2BD610BA00CC0253 /* UIApplicationExtension.swift in Sources */ = {isa = PBXBuildFile; fileRef = 160F5ADD2BD610BA00CC0253 /* UIApplicationExtension.swift */; };
		94856A132BD2BCFE00C7977F /* LocationManager.swift in Sources */ = {isa = PBXBuildFile; fileRef = 94856A122BD2BCFE00C7977F /* LocationManager.swift */; };
		94856A172BD2BDBB00C7977F /* FoodTruckListView.swift in Sources */ = {isa = PBXBuildFile; fileRef = 94856A162BD2BDBB00C7977F /* FoodTruckListView.swift */; };
		94856A192BD2BE3900C7977F /* FoodTruckRow.swift in Sources */ = {isa = PBXBuildFile; fileRef = 94856A182BD2BE3900C7977F /* FoodTruckRow.swift */; };
		BC4A81EC2BCCC4A400EA7233 /* FoodTruckFinderApp.swift in Sources */ = {isa = PBXBuildFile; fileRef = BC4A81EB2BCCC4A400EA7233 /* FoodTruckFinderApp.swift */; };
		BC4A81F02BCCC4A500EA7233 /* Assets.xcassets in Resources */ = {isa = PBXBuildFile; fileRef = BC4A81EF2BCCC4A500EA7233 /* Assets.xcassets */; };
		BC4A81F32BCCC4A500EA7233 /* Preview Assets.xcassets in Resources */ = {isa = PBXBuildFile; fileRef = BC4A81F22BCCC4A500EA7233 /* Preview Assets.xcassets */; };
		BC4A81FD2BCCC98A00EA7233 /* FoodTruck.swift in Sources */ = {isa = PBXBuildFile; fileRef = BC4A81FC2BCCC98A00EA7233 /* FoodTruck.swift */; };
		BC4A81FF2BCCC9CE00EA7233 /* HomeView.swift in Sources */ = {isa = PBXBuildFile; fileRef = BC4A81FE2BCCC9CE00EA7233 /* HomeView.swift */; };
		BC4A82012BCCC9EA00EA7233 /* FoodTruckView.swift in Sources */ = {isa = PBXBuildFile; fileRef = BC4A82002BCCC9EA00EA7233 /* FoodTruckView.swift */; };
		BC4A82032BCCCA2000EA7233 /* SearchView.swift in Sources */ = {isa = PBXBuildFile; fileRef = BC4A82022BCCCA2000EA7233 /* SearchView.swift */; };
		BC4A82052BCCCA3300EA7233 /* CreateView.swift in Sources */ = {isa = PBXBuildFile; fileRef = BC4A82042BCCCA3300EA7233 /* CreateView.swift */; };
		BC4A82072BCCCA6000EA7233 /* FavoritesView.swift in Sources */ = {isa = PBXBuildFile; fileRef = BC4A82062BCCCA6000EA7233 /* FavoritesView.swift */; };
		BC4A82092BCCCA8B00EA7233 /* FoodTruckViewModel.swift in Sources */ = {isa = PBXBuildFile; fileRef = BC4A82082BCCCA8B00EA7233 /* FoodTruckViewModel.swift */; };
/* End PBXBuildFile section */

/* Begin PBXFileReference section */
		160F5AD82BD2EC6A00CC0253 /* ContentView.swift */ = {isa = PBXFileReference; lastKnownFileType = sourcecode.swift; path = ContentView.swift; sourceTree = "<group>"; };
		160F5ADD2BD610BA00CC0253 /* UIApplicationExtension.swift */ = {isa = PBXFileReference; lastKnownFileType = sourcecode.swift; path = UIApplicationExtension.swift; sourceTree = "<group>"; };
		94856A122BD2BCFE00C7977F /* LocationManager.swift */ = {isa = PBXFileReference; lastKnownFileType = sourcecode.swift; path = LocationManager.swift; sourceTree = "<group>"; };
		94856A162BD2BDBB00C7977F /* FoodTruckListView.swift */ = {isa = PBXFileReference; lastKnownFileType = sourcecode.swift; path = FoodTruckListView.swift; sourceTree = "<group>"; };
		94856A182BD2BE3900C7977F /* FoodTruckRow.swift */ = {isa = PBXFileReference; lastKnownFileType = sourcecode.swift; path = FoodTruckRow.swift; sourceTree = "<group>"; };
		BC4A81E82BCCC4A400EA7233 /* FoodTruckFinder.app */ = {isa = PBXFileReference; explicitFileType = wrapper.application; includeInIndex = 0; path = FoodTruckFinder.app; sourceTree = BUILT_PRODUCTS_DIR; };
		BC4A81EB2BCCC4A400EA7233 /* FoodTruckFinderApp.swift */ = {isa = PBXFileReference; lastKnownFileType = sourcecode.swift; path = FoodTruckFinderApp.swift; sourceTree = "<group>"; };
		BC4A81EF2BCCC4A500EA7233 /* Assets.xcassets */ = {isa = PBXFileReference; lastKnownFileType = folder.assetcatalog; path = Assets.xcassets; sourceTree = "<group>"; };
		BC4A81F22BCCC4A500EA7233 /* Preview Assets.xcassets */ = {isa = PBXFileReference; lastKnownFileType = folder.assetcatalog; path = "Preview Assets.xcassets"; sourceTree = "<group>"; };
		BC4A81FC2BCCC98A00EA7233 /* FoodTruck.swift */ = {isa = PBXFileReference; lastKnownFileType = sourcecode.swift; path = FoodTruck.swift; sourceTree = "<group>"; };
		BC4A81FE2BCCC9CE00EA7233 /* HomeView.swift */ = {isa = PBXFileReference; lastKnownFileType = sourcecode.swift; path = HomeView.swift; sourceTree = "<group>"; };
		BC4A82002BCCC9EA00EA7233 /* FoodTruckView.swift */ = {isa = PBXFileReference; lastKnownFileType = sourcecode.swift; path = FoodTruckView.swift; sourceTree = "<group>"; };
		BC4A82022BCCCA2000EA7233 /* SearchView.swift */ = {isa = PBXFileReference; lastKnownFileType = sourcecode.swift; path = SearchView.swift; sourceTree = "<group>"; };
		BC4A82042BCCCA3300EA7233 /* CreateView.swift */ = {isa = PBXFileReference; lastKnownFileType = sourcecode.swift; path = CreateView.swift; sourceTree = "<group>"; };
		BC4A82062BCCCA6000EA7233 /* FavoritesView.swift */ = {isa = PBXFileReference; lastKnownFileType = sourcecode.swift; path = FavoritesView.swift; sourceTree = "<group>"; };
		BC4A82082BCCCA8B00EA7233 /* FoodTruckViewModel.swift */ = {isa = PBXFileReference; lastKnownFileType = sourcecode.swift; path = FoodTruckViewModel.swift; sourceTree = "<group>"; };
/* End PBXFileReference section */

/* Begin PBXFrameworksBuildPhase section */
		BC4A81E52BCCC4A400EA7233 /* Frameworks */ = {
			isa = PBXFrameworksBuildPhase;
			buildActionMask = 2147483647;
			files = (
			);
			runOnlyForDeploymentPostprocessing = 0;
		};
/* End PBXFrameworksBuildPhase section */

/* Begin PBXGroup section */
		BC4A81DF2BCCC4A400EA7233 = {
			isa = PBXGroup;
			children = (
				BC4A81EA2BCCC4A400EA7233 /* FoodTruckFinder */,
				BC4A81E92BCCC4A400EA7233 /* Products */,
			);
			sourceTree = "<group>";
		};
		BC4A81E92BCCC4A400EA7233 /* Products */ = {
			isa = PBXGroup;
			children = (
				BC4A81E82BCCC4A400EA7233 /* FoodTruckFinder.app */,
			);
			name = Products;
			sourceTree = "<group>";
		};
		BC4A81EA2BCCC4A400EA7233 /* FoodTruckFinder */ = {
			isa = PBXGroup;
			children = (
				BC4A81FB2BCCC58B00EA7233 /* View Models */,
				BC4A81FA2BCCC58200EA7233 /* Models */,
				BC4A81F92BCCC57900EA7233 /* Views */,
				BC4A81EB2BCCC4A400EA7233 /* FoodTruckFinderApp.swift */,
				94856A122BD2BCFE00C7977F /* LocationManager.swift */,
				BC4A81EF2BCCC4A500EA7233 /* Assets.xcassets */,
				BC4A81F12BCCC4A500EA7233 /* Preview Content */,
			);
			path = FoodTruckFinder;
			sourceTree = "<group>";
		};
		BC4A81F12BCCC4A500EA7233 /* Preview Content */ = {
			isa = PBXGroup;
			children = (
				BC4A81F22BCCC4A500EA7233 /* Preview Assets.xcassets */,
			);
			path = "Preview Content";
			sourceTree = "<group>";
		};
		BC4A81F92BCCC57900EA7233 /* Views */ = {
			isa = PBXGroup;
			children = (
				160F5AD82BD2EC6A00CC0253 /* ContentView.swift */,
				BC4A81FE2BCCC9CE00EA7233 /* HomeView.swift */,
				BC4A82022BCCCA2000EA7233 /* SearchView.swift */,
				BC4A82062BCCCA6000EA7233 /* FavoritesView.swift */,
				BC4A82042BCCCA3300EA7233 /* CreateView.swift */,
				BC4A82002BCCC9EA00EA7233 /* FoodTruckView.swift */,
				94856A162BD2BDBB00C7977F /* FoodTruckListView.swift */,
				94856A182BD2BE3900C7977F /* FoodTruckRow.swift */,
				160F5ADD2BD610BA00CC0253 /* UIApplicationExtension.swift */,
			);
			path = Views;
			sourceTree = "<group>";
		};
		BC4A81FA2BCCC58200EA7233 /* Models */ = {
			isa = PBXGroup;
			children = (
				BC4A81FC2BCCC98A00EA7233 /* FoodTruck.swift */,
			);
			path = Models;
			sourceTree = "<group>";
		};
		BC4A81FB2BCCC58B00EA7233 /* View Models */ = {
			isa = PBXGroup;
			children = (
				BC4A82082BCCCA8B00EA7233 /* FoodTruckViewModel.swift */,
			);
			path = "View Models";
			sourceTree = "<group>";
		};
/* End PBXGroup section */

/* Begin PBXNativeTarget section */
		BC4A81E72BCCC4A400EA7233 /* FoodTruckFinder */ = {
			isa = PBXNativeTarget;
			buildConfigurationList = BC4A81F62BCCC4A500EA7233 /* Build configuration list for PBXNativeTarget "FoodTruckFinder" */;
			buildPhases = (
				BC4A81E42BCCC4A400EA7233 /* Sources */,
				BC4A81E52BCCC4A400EA7233 /* Frameworks */,
				BC4A81E62BCCC4A400EA7233 /* Resources */,
			);
			buildRules = (
			);
			dependencies = (
			);
			name = FoodTruckFinder;
			productName = FoodTruckFinder;
			productReference = BC4A81E82BCCC4A400EA7233 /* FoodTruckFinder.app */;
			productType = "com.apple.product-type.application";
		};
/* End PBXNativeTarget section */

/* Begin PBXProject section */
		BC4A81E02BCCC4A400EA7233 /* Project object */ = {
			isa = PBXProject;
			attributes = {
				BuildIndependentTargetsInParallel = 1;
				LastSwiftUpdateCheck = 1520;
				LastUpgradeCheck = 1520;
				TargetAttributes = {
					BC4A81E72BCCC4A400EA7233 = {
						CreatedOnToolsVersion = 15.2;
					};
				};
			};
			buildConfigurationList = BC4A81E32BCCC4A400EA7233 /* Build configuration list for PBXProject "FoodTruckFinder" */;
			compatibilityVersion = "Xcode 14.0";
			developmentRegion = en;
			hasScannedForEncodings = 0;
			knownRegions = (
				en,
				Base,
			);
			mainGroup = BC4A81DF2BCCC4A400EA7233;
			productRefGroup = BC4A81E92BCCC4A400EA7233 /* Products */;
			projectDirPath = "";
			projectRoot = "";
			targets = (
				BC4A81E72BCCC4A400EA7233 /* FoodTruckFinder */,
			);
		};
/* End PBXProject section */

/* Begin PBXResourcesBuildPhase section */
		BC4A81E62BCCC4A400EA7233 /* Resources */ = {
			isa = PBXResourcesBuildPhase;
			buildActionMask = 2147483647;
			files = (
				BC4A81F32BCCC4A500EA7233 /* Preview Assets.xcassets in Resources */,
				BC4A81F02BCCC4A500EA7233 /* Assets.xcassets in Resources */,
			);
			runOnlyForDeploymentPostprocessing = 0;
		};
/* End PBXResourcesBuildPhase section */

/* Begin PBXSourcesBuildPhase section */
		BC4A81E42BCCC4A400EA7233 /* Sources */ = {
			isa = PBXSourcesBuildPhase;
			buildActionMask = 2147483647;
			files = (
				94856A172BD2BDBB00C7977F /* FoodTruckListView.swift in Sources */,
				BC4A82092BCCCA8B00EA7233 /* FoodTruckViewModel.swift in Sources */,
				BC4A82032BCCCA2000EA7233 /* SearchView.swift in Sources */,
				BC4A81FF2BCCC9CE00EA7233 /* HomeView.swift in Sources */,
				BC4A81EC2BCCC4A400EA7233 /* FoodTruckFinderApp.swift in Sources */,
				BC4A82012BCCC9EA00EA7233 /* FoodTruckView.swift in Sources */,
				160F5AD92BD2EC6A00CC0253 /* ContentView.swift in Sources */,
				BC4A82072BCCCA6000EA7233 /* FavoritesView.swift in Sources */,
				BC4A82052BCCCA3300EA7233 /* CreateView.swift in Sources */,
				160F5ADE2BD610BA00CC0253 /* UIApplicationExtension.swift in Sources */,
				BC4A81FD2BCCC98A00EA7233 /* FoodTruck.swift in Sources */,
				94856A132BD2BCFE00C7977F /* LocationManager.swift in Sources */,
				94856A192BD2BE3900C7977F /* FoodTruckRow.swift in Sources */,
			);
			runOnlyForDeploymentPostprocessing = 0;
		};
/* End PBXSourcesBuildPhase section */

/* Begin XCBuildConfiguration section */
		BC4A81F42BCCC4A500EA7233 /* Debug */ = {
			isa = XCBuildConfiguration;
			buildSettings = {
				ALWAYS_SEARCH_USER_PATHS = NO;
				ASSETCATALOG_COMPILER_GENERATE_SWIFT_ASSET_SYMBOL_EXTENSIONS = YES;
				CLANG_ANALYZER_NONNULL = YES;
				CLANG_ANALYZER_NUMBER_OBJECT_CONVERSION = YES_AGGRESSIVE;
				CLANG_CXX_LANGUAGE_STANDARD = "gnu++20";
				CLANG_ENABLE_MODULES = YES;
				CLANG_ENABLE_OBJC_ARC = YES;
				CLANG_ENABLE_OBJC_WEAK = YES;
				CLANG_WARN_BLOCK_CAPTURE_AUTORELEASING = YES;
				CLANG_WARN_BOOL_CONVERSION = YES;
				CLANG_WARN_COMMA = YES;
				CLANG_WARN_CONSTANT_CONVERSION = YES;
				CLANG_WARN_DEPRECATED_OBJC_IMPLEMENTATIONS = YES;
				CLANG_WARN_DIRECT_OBJC_ISA_USAGE = YES_ERROR;
				CLANG_WARN_DOCUMENTATION_COMMENTS = YES;
				CLANG_WARN_EMPTY_BODY = YES;
				CLANG_WARN_ENUM_CONVERSION = YES;
				CLANG_WARN_INFINITE_RECURSION = YES;
				CLANG_WARN_INT_CONVERSION = YES;
				CLANG_WARN_NON_LITERAL_NULL_CONVERSION = YES;
				CLANG_WARN_OBJC_IMPLICIT_RETAIN_SELF = YES;
				CLANG_WARN_OBJC_LITERAL_CONVERSION = YES;
				CLANG_WARN_OBJC_ROOT_CLASS = YES_ERROR;
				CLANG_WARN_QUOTED_INCLUDE_IN_FRAMEWORK_HEADER = YES;
				CLANG_WARN_RANGE_LOOP_ANALYSIS = YES;
				CLANG_WARN_STRICT_PROTOTYPES = YES;
				CLANG_WARN_SUSPICIOUS_MOVE = YES;
				CLANG_WARN_UNGUARDED_AVAILABILITY = YES_AGGRESSIVE;
				CLANG_WARN_UNREACHABLE_CODE = YES;
				CLANG_WARN__DUPLICATE_METHOD_MATCH = YES;
				COPY_PHASE_STRIP = NO;
				DEBUG_INFORMATION_FORMAT = dwarf;
				ENABLE_STRICT_OBJC_MSGSEND = YES;
				ENABLE_TESTABILITY = YES;
				ENABLE_USER_SCRIPT_SANDBOXING = YES;
				GCC_C_LANGUAGE_STANDARD = gnu17;
				GCC_DYNAMIC_NO_PIC = NO;
				GCC_NO_COMMON_BLOCKS = YES;
				GCC_OPTIMIZATION_LEVEL = 0;
				GCC_PREPROCESSOR_DEFINITIONS = (
					"DEBUG=1",
					"$(inherited)",
				);
				GCC_WARN_64_TO_32_BIT_CONVERSION = YES;
				GCC_WARN_ABOUT_RETURN_TYPE = YES_ERROR;
				GCC_WARN_UNDECLARED_SELECTOR = YES;
				GCC_WARN_UNINITIALIZED_AUTOS = YES_AGGRESSIVE;
				GCC_WARN_UNUSED_FUNCTION = YES;
				GCC_WARN_UNUSED_VARIABLE = YES;
				IPHONEOS_DEPLOYMENT_TARGET = 17.2;
				LOCALIZATION_PREFERS_STRING_CATALOGS = YES;
				MTL_ENABLE_DEBUG_INFO = INCLUDE_SOURCE;
				MTL_FAST_MATH = YES;
				ONLY_ACTIVE_ARCH = YES;
				SDKROOT = iphoneos;
				SWIFT_ACTIVE_COMPILATION_CONDITIONS = "DEBUG $(inherited)";
				SWIFT_OPTIMIZATION_LEVEL = "-Onone";
			};
			name = Debug;
		};
		BC4A81F52BCCC4A500EA7233 /* Release */ = {
			isa = XCBuildConfiguration;
			buildSettings = {
				ALWAYS_SEARCH_USER_PATHS = NO;
				ASSETCATALOG_COMPILER_GENERATE_SWIFT_ASSET_SYMBOL_EXTENSIONS = YES;
				CLANG_ANALYZER_NONNULL = YES;
				CLANG_ANALYZER_NUMBER_OBJECT_CONVERSION = YES_AGGRESSIVE;
				CLANG_CXX_LANGUAGE_STANDARD = "gnu++20";
				CLANG_ENABLE_MODULES = YES;
				CLANG_ENABLE_OBJC_ARC = YES;
				CLANG_ENABLE_OBJC_WEAK = YES;
				CLANG_WARN_BLOCK_CAPTURE_AUTORELEASING = YES;
				CLANG_WARN_BOOL_CONVERSION = YES;
				CLANG_WARN_COMMA = YES;
				CLANG_WARN_CONSTANT_CONVERSION = YES;
				CLANG_WARN_DEPRECATED_OBJC_IMPLEMENTATIONS = YES;
				CLANG_WARN_DIRECT_OBJC_ISA_USAGE = YES_ERROR;
				CLANG_WARN_DOCUMENTATION_COMMENTS = YES;
				CLANG_WARN_EMPTY_BODY = YES;
				CLANG_WARN_ENUM_CONVERSION = YES;
				CLANG_WARN_INFINITE_RECURSION = YES;
				CLANG_WARN_INT_CONVERSION = YES;
				CLANG_WARN_NON_LITERAL_NULL_CONVERSION = YES;
				CLANG_WARN_OBJC_IMPLICIT_RETAIN_SELF = YES;
				CLANG_WARN_OBJC_LITERAL_CONVERSION = YES;
				CLANG_WARN_OBJC_ROOT_CLASS = YES_ERROR;
				CLANG_WARN_QUOTED_INCLUDE_IN_FRAMEWORK_HEADER = YES;
				CLANG_WARN_RANGE_LOOP_ANALYSIS = YES;
				CLANG_WARN_STRICT_PROTOTYPES = YES;
				CLANG_WARN_SUSPICIOUS_MOVE = YES;
				CLANG_WARN_UNGUARDED_AVAILABILITY = YES_AGGRESSIVE;
				CLANG_WARN_UNREACHABLE_CODE = YES;
				CLANG_WARN__DUPLICATE_METHOD_MATCH = YES;
				COPY_PHASE_STRIP = NO;
				DEBUG_INFORMATION_FORMAT = "dwarf-with-dsym";
				ENABLE_NS_ASSERTIONS = NO;
				ENABLE_STRICT_OBJC_MSGSEND = YES;
				ENABLE_USER_SCRIPT_SANDBOXING = YES;
				GCC_C_LANGUAGE_STANDARD = gnu17;
				GCC_NO_COMMON_BLOCKS = YES;
				GCC_WARN_64_TO_32_BIT_CONVERSION = YES;
				GCC_WARN_ABOUT_RETURN_TYPE = YES_ERROR;
				GCC_WARN_UNDECLARED_SELECTOR = YES;
				GCC_WARN_UNINITIALIZED_AUTOS = YES_AGGRESSIVE;
				GCC_WARN_UNUSED_FUNCTION = YES;
				GCC_WARN_UNUSED_VARIABLE = YES;
				IPHONEOS_DEPLOYMENT_TARGET = 17.2;
				LOCALIZATION_PREFERS_STRING_CATALOGS = YES;
				MTL_ENABLE_DEBUG_INFO = NO;
				MTL_FAST_MATH = YES;
				SDKROOT = iphoneos;
				SWIFT_COMPILATION_MODE = wholemodule;
				VALIDATE_PRODUCT = YES;
			};
			name = Release;
		};
		BC4A81F72BCCC4A500EA7233 /* Debug */ = {
			isa = XCBuildConfiguration;
			buildSettings = {
				ASSETCATALOG_COMPILER_APPICON_NAME = AppIcon;
				ASSETCATALOG_COMPILER_GLOBAL_ACCENT_COLOR_NAME = AccentColor;
				CODE_SIGN_STYLE = Automatic;
				CURRENT_PROJECT_VERSION = 1;
				DEVELOPMENT_ASSET_PATHS = "\"FoodTruckFinder/Preview Content\"";
				DEVELOPMENT_TEAM = 76ZZ4QH46R;
				ENABLE_PREVIEWS = YES;
				GENERATE_INFOPLIST_FILE = YES;
				INFOPLIST_KEY_NSLocationWhenInUseUsageDescription = "We need access to your location to show you nearby food trucks!";
				INFOPLIST_KEY_UIApplicationSceneManifest_Generation = YES;
				INFOPLIST_KEY_UIApplicationSupportsIndirectInputEvents = YES;
				INFOPLIST_KEY_UILaunchScreen_Generation = YES;
				INFOPLIST_KEY_UISupportedInterfaceOrientations_iPad = "UIInterfaceOrientationPortrait UIInterfaceOrientationPortraitUpsideDown UIInterfaceOrientationLandscapeLeft UIInterfaceOrientationLandscapeRight";
				INFOPLIST_KEY_UISupportedInterfaceOrientations_iPhone = "UIInterfaceOrientationPortrait UIInterfaceOrientationLandscapeLeft UIInterfaceOrientationLandscapeRight";
				IPHONEOS_DEPLOYMENT_TARGET = 17.2;
				LD_RUNPATH_SEARCH_PATHS = (
					"$(inherited)",
					"@executable_path/Frameworks",
				);
				MARKETING_VERSION = 1.0;
				PRODUCT_BUNDLE_IDENTIFIER = yuhua.FoodTruckFinderTest12345;
				PRODUCT_NAME = "$(TARGET_NAME)";
				SWIFT_EMIT_LOC_STRINGS = YES;
				SWIFT_VERSION = 5.0;
				TARGETED_DEVICE_FAMILY = "1,2";
			};
			name = Debug;
		};
		BC4A81F82BCCC4A500EA7233 /* Release */ = {
			isa = XCBuildConfiguration;
			buildSettings = {
				ASSETCATALOG_COMPILER_APPICON_NAME = AppIcon;
				ASSETCATALOG_COMPILER_GLOBAL_ACCENT_COLOR_NAME = AccentColor;
				CODE_SIGN_STYLE = Automatic;
				CURRENT_PROJECT_VERSION = 1;
				DEVELOPMENT_ASSET_PATHS = "\"FoodTruckFinder/Preview Content\"";
				DEVELOPMENT_TEAM = 76ZZ4QH46R;
				ENABLE_PREVIEWS = YES;
				GENERATE_INFOPLIST_FILE = YES;
				INFOPLIST_KEY_NSLocationWhenInUseUsageDescription = "We need access to your location to show you nearby food trucks!";
				INFOPLIST_KEY_UIApplicationSceneManifest_Generation = YES;
				INFOPLIST_KEY_UIApplicationSupportsIndirectInputEvents = YES;
				INFOPLIST_KEY_UILaunchScreen_Generation = YES;
				INFOPLIST_KEY_UISupportedInterfaceOrientations_iPad = "UIInterfaceOrientationPortrait UIInterfaceOrientationPortraitUpsideDown UIInterfaceOrientationLandscapeLeft UIInterfaceOrientationLandscapeRight";
				INFOPLIST_KEY_UISupportedInterfaceOrientations_iPhone = "UIInterfaceOrientationPortrait UIInterfaceOrientationLandscapeLeft UIInterfaceOrientationLandscapeRight";
				IPHONEOS_DEPLOYMENT_TARGET = 17.2;
				LD_RUNPATH_SEARCH_PATHS = (
					"$(inherited)",
					"@executable_path/Frameworks",
				);
				MARKETING_VERSION = 1.0;
				PRODUCT_BUNDLE_IDENTIFIER = yuhua.FoodTruckFinderTest12345;
				PRODUCT_NAME = "$(TARGET_NAME)";
				SWIFT_EMIT_LOC_STRINGS = YES;
				SWIFT_VERSION = 5.0;
				TARGETED_DEVICE_FAMILY = "1,2";
			};
			name = Release;
		};
/* End XCBuildConfiguration section */

/* Begin XCConfigurationList section */
		BC4A81E32BCCC4A400EA7233 /* Build configuration list for PBXProject "FoodTruckFinder" */ = {
			isa = XCConfigurationList;
			buildConfigurations = (
				BC4A81F42BCCC4A500EA7233 /* Debug */,
				BC4A81F52BCCC4A500EA7233 /* Release */,
			);
			defaultConfigurationIsVisible = 0;
			defaultConfigurationName = Release;
		};
		BC4A81F62BCCC4A500EA7233 /* Build configuration list for PBXNativeTarget "FoodTruckFinder" */ = {
			isa = XCConfigurationList;
			buildConfigurations = (
				BC4A81F72BCCC4A500EA7233 /* Debug */,
				BC4A81F82BCCC4A500EA7233 /* Release */,
			);
			defaultConfigurationIsVisible = 0;
			defaultConfigurationName = Release;
		};
/* End XCConfigurationList section */
	};
	rootObject = BC4A81E02BCCC4A400EA7233 /* Project object */;
}
